filippo.io/edwards25519 v1.1.0 h1:FNf4tywRC1HmFuKW5xopWpigGjJKiJSV0Cqo0cJWDaA=
filippo.io/edwards25519 v1.1.0/go.mod h1:BxyFTGdWcka3PhytdK4V28tE5sGfRvvvRV7EaN4VDT4=
github.com/andybalholm/brotli v1.2.0 h1:ukwgCxwYrmACq68yiUqwIWnGY0cTPox/M94sVwToPjQ=
github.com/andybalholm/brotli v1.2.0/go.mod h1:rzTDkvFWvIrjDXZHkuS16NPggd91W3kUSvPlQ1pLaKY=
github.com/antithesishq/antithesis-sdk-go v0.5.0-default-no-op h1:Ucf+QxEKMbPogRO5guBNe5cgd9uZgfoJLOYs8WWhtjM=
github.com/antithesishq/antithesis-sdk-go v0.5.0-default-no-op/go.mod h1:IUpT2DPAKh6i/YhSbt6Gl3v2yvUZjmKncl7U91fup7E=
github.com/apache/arrow-go/v18 v18.5.1 h1:yaQ6zxMGgf9YCYw4/oaeOU3AULySDlAYDOcnr4LdHdI=
github.com/apache/arrow-go/v18 v18.5.1/go.mod h1:OCCJsmdq8AsRm8FkBSSmYTwL/s4zHW9CqxeBxEytkNE=
github.com/apache/thrift v0.22.0 h1:r7mTJdj51TMDe6RtcmNdQxgn9XcyfGDOzegMDRg47uc=
github.com/apache/thrift v0.22.0/go.mod h1:1e7J/O1Ae6ZQMTYdy9xa3w9k+XHWPfRvdPyJeynQ+/g=
github.com/beorn7/perks v1.0.1 h1:VlbKKnNfV8bJzeqoa4cOKqO6bYr3WgKZxO8Z16+hsOM=
github.com/beorn7/perks v1.0.1/go.mod h1:G2ZrVWU2WbWT9wwq4/hrbKbnv/1ERSJQ0ibhJ6rlkpw=
github.com/cespare/xxhash/v2 v2.3.0 h1:UL815xU9SqsFlibzuggzjXhog7bL6oX9BbNZnL2UFvs=
github.com/cespare/xxhash/v2 v2.3.0/go.mod h1:VGX0DQ3Q6kWi7AoAeZDth3/j3BFtOZR5XLFGgcrjCOs=
github.com/chromedp/cdproto v0.0.0-20250724212937-08a3db8b4327 h1:UQ4AU+BGti3Sy/aLU8KVseYKNALcX9UXY6DfpwQ6J8E=
github.com/chromedp/cdproto v0.0.0-20250724212937-08a3db8b4327/go.mod h1:NItd7aLkcfOA/dcMXvl8p1u+lQqioRMq/SqDp71Pb/k=
github.com/chromedp/chromedp v0.14.2 h1:r3b/WtwM50RsBZHMUm9fsNhhzRStTHrKdr2zmwbZSzM=
github.com/chromedp/chromedp v0.14.2/go.mod h1:rHzAv60xDE7VNy/MYtTUrYreSc0ujt2O1/C3bzctYBo=
github.com/chromedp/sysutil v1.1.0 h1:PUFNv5EcprjqXZD9nJb9b/c9ibAbxiYo4exNWZyipwM=
github.com/chromedp/sysutil v1.1.0/go.mod h1:WiThHUdltqCNKGc4gaU50XgYjwjYIhKWoHGPTUfWTJ8=
github.com/davecgh/go-spew v1.1.2-0.20180830191138-d8f796af33cc h1:U9qPSI2PIWSS1VwoXQT9A3Wy9MM3WgvqSxFWenqJduM=
github.com/davecgh/go-spew v1.1.2-0.20180830191138-d8f796af33cc/go.mod h1:J7Y8YcW2NihsgmVo/mv3lAwl/skON4iLHjSsI+c5H38=
github.com/duckdb/duckdb-go-bindings v0.3.3 h1:lXogtCY8hiGLQvTfK55HcgvaA3K2MrwKeZGqhIin35U=
github.com/duckdb/duckdb-go-bindings v0.3.3/go.mod h1:zS7OpBP8zwVlP38OljRZOnqWYlNd4KLcVfMoA1JFzpk=
github.com/duckdb/duckdb-go-bindings/lib/darwin-amd64 v0.3.3 h1:ue8BtIOSt+2Bt2fEfTAvBcQLxzBFhgfCcyzPtqQWTRA=
github.com/duckdb/duckdb-go-bindings/lib/darwin-amd64 v0.3.3/go.mod h1:EnAvZh1kNJHp5yF+M1ZHNEvapnmt6anq1xXHVrAGqMo=
github.com/duckdb/duckdb-go-bindings/lib/darwin-arm64 v0.3.3 h1:2TrSeTgtwi3WIvub9ba0mny+AClSNo1w0Ghszc2B8lQ=
github.com/duckdb/duckdb-go-bindings/lib/darwin-arm64 v0.3.3/go.mod h1:IGLSeEcFhNeZF16aVjQCULD7TsFZKG5G7SyKJAXKp5c=
github.com/duckdb/duckdb-go-bindings/lib/linux-amd64 v0.3.3 h1:GN0cexhfE7uLb7qgDmsYG324wKF15nW+O7v5+NGalS4=
github.com/duckdb/duckdb-go-bindings/lib/linux-amd64 v0.3.3/go.mod h1:KAIynZ0GHCS7X5fRyuFnQMg/SZBPK/bS9OCOVojClxw=
github.com/duckdb/duckdb-go-bindings/lib/linux-arm64 v0.3.3 h1:bIJV+ct6yvMXjy+N3bfILFd0fkTK50AUhUTerkY40/8=
github.com/duckdb/duckdb-go-bindings/lib/linux-arm64 v0.3.3/go.mod h1:81SGOYoEUs8qaAfSk1wRfM5oobrIJ5KI7AzYhK6/bvQ=
github.com/duckdb/duckdb-go-bindings/lib/windows-amd64 v0.3.3 h1:SK2sunA/MPb2T3113iFzHv6DWeu+qrsw0DizTFrvM+Q=
github.com/duckdb/duckdb-go-bindings/lib/windows-amd64 v0.3.3/go.mod h1:K25pJL26ARblGDeuAkrdblFvUen92+CwksLtPEHRqqQ=
github.com/duckdb/duckdb-go/v2 v2.5.5 h1:TlK8ipnzoKW2aNrjGqRkFWLCDpJDxR/VwH8ezEcvVhw=
github.com/duckdb/duckdb-go/v2 v2.5.5/go.mod h1:6uIbC3gz36NCEygECzboygOo/Z9TeVwox/puG+ohWV0=
github.com/dustin/go-humanize v1.0.1 h1:GzkhY7T5VNhEkwH0PVJgjz+fX1rhBrR7pRT3mDkpeCY=
github.com/dustin/go-humanize v1.0.1/go.mod h1:Mu1zIs6XwVuF/gI1OepvI0qD18qycQx+mFykh5fBlto=
github.com/ebitengine/purego v0.9.1 h1:a/k2f2HQU3Pi399RPW1MOaZyhKJL9w/xFpKAg4q1s0A=
github.com/ebitengine/purego v0.9.1/go.mod h1:iIjxzd6CiRiOG0UyXP+V1+jWqUXVjPKLAI0mRfJZTmQ=
github.com/go-ini/ini v1.67.0 h1:z6ZrTEZqSWOTyH2FlglNbNgARyHG8oLW9gMELqKr06A=
github.com/go-ini/ini v1.67.0/go.mod h1:ByCAeIL28uOIIG0E3PJtZPDL8WnHpFKFOtgjp+3Ies8=
github.com/go-json-experiment/json v0.0.0-20250725192818-e39067aee2d2 h1:iizUGZ9pEquQS5jTGkh4AqeeHCMbfbjeb0zMt0aEFzs=
github.com/go-json-experiment/json v0.0.0-20250725192818-e39067aee2d2/go.mod h1:TiCD2a1pcmjd7YnhGH0f/zKNcCD06B029pHhzV23c2M=
github.com/go-ole/go-ole v1.2.6 h1:/Fpf6oFPoeFik9ty7siob0G6Ke8QvQEuVcuChpwXzpY=
github.com/go-ole/go-ole v1.2.6/go.mod h1:pprOEPIfldk/42T2oK7lQ4v4JSDwmV0As9GaiUsvbm0=
github.com/go-sql-driver/mysql v1.8.1 h1:LedoTUt/eveggdHS9qUFC1EFSa8bU2+1pZjSRpvNJ1Y=
github.com/go-sql-driver/mysql v1.8.1/go.mod h1:wEBSXgmK//2ZFJyE+qWnIsVGmvmEKlqwuVSjsCm7DZg=
github.com/go-viper/mapstructure/v2 v2.5.0 h1:vM5IJoUAy3d7zRSVtIwQgBj7BiWtMPfmPEgAXnvj1Ro=
github.com/go-viper/mapstructure/v2 v2.5.0/go.mod h1:oJDH3BJKyqBA2TXFhDsKDGDTlndYOZ6rGS0BRZIxGhM=
github.com/gobwas/httphead v0.1.0 h1:exrUm0f4YX0L7EBwZHuCF4GDp8aJfVeBrlLQrs6NqWU=
github.com/gobwas/httphead v0.1.0/go.mod h1:O/RXo79gxV8G+RqlR/otEwx4Q36zl9rqC5u12GKvMCM=
github.com/gobwas/pool v0.2.1 h1:xfeeEhW7pwmX8nuLVlqbzVc7udMDrwetjEv+TZIz1og=
github.com/gobwas/pool v0.2.1/go.mod h1:q8bcK0KcYlCgd9e7WYLm9LpyS+YeLd8JVDW6WezmKEw=
github.com/gobwas/ws v1.4.0 h1:CTaoG1tojrh4ucGPcoJFiAQUAsEWekEWvLy7GsVNqGs=
github.com/gobwas/ws v1.4.0/go.mod h1:G3gNqMNtPppf5XUz7O4shetPpcZ1VJ7zt18dlUeakrc=
github.com/goccy/go-json v0.10.5 h1:Fq85nIqj+gXn/S5ahsiTlK3TmC85qgirsdTP/+DeaC4=
github.com/goccy/go-json v0.10.5/go.mod h1:oq7eo15ShAhp70Anwd5lgX2pLfOS3QCiwU/PULtXL6M=
github.com/golang-jwt/jwt/v5 v5.3.1 h1:kYf81DTWFe7t+1VvL7eS+jKFVWaUnK9cB1qbwn63YCY=
github.com/golang-jwt/jwt/v5 v5.3.1/go.mod h1:fxCRLWMO43lRc8nhHWY6LGqRcf+1gQWArsqaEUEa5bE=
github.com/golang/snappy v1.0.0 h1:Oy607GVXHs7RtbggtPBnr2RmDArIsAefDwvrdWvRhGs=
github.com/golang/snappy v1.0.0/go.mod h1:/XxbfmMg8lxefKM7IXC3fBNl/7bRcc72aCRzEWrmP2Q=
github.com/google/flatbuffers v25.12.19+incompatible h1:haMV2JRRJCe1998HeW/p0X9UaMTK6SDo0ffLn2+DbLs=
github.com/google/flatbuffers v25.12.19+incompatible/go.mod h1:1AeVuKshWv4vARoZatz6mlQ0JxURH0Kv5+zNeJKJCa8=
github.com/google/go-cmp v0.5.6/go.mod h1:v8dTdLbMG2kIc/vJvl+f65V22dbkXbowE6jgT/gNBxE=
github.com/google/go-cmp v0.7.0 h1:wk8382ETsv4JYUZwIsn6YpYiWiBsYLSJiTsyBybVuN8=
github.com/google/go-cmp v0.7.0/go.mod h1:pXiqmnSA92OHEEa9HXL2W4E7lf9JzCmGVUdgjX3N/iU=
github.com/google/go-tpm v0.9.8 h1:slArAR9Ft+1ybZu0lBwpSmpwhRXaa85hWtMinMyRAWo=
github.com/google/go-tpm v0.9.8/go.mod h1:h9jEsEECg7gtLis0upRBQU+GhYVH6jMjrFxI8u6bVUY=
github.com/google/pprof v0.0.0-20250317173921-a4b03ec1a45e h1:ijClszYn+mADRFY17kjQEVQ1XRhq2/JR1M3sGqeJoxs=
github.com/google/pprof v0.0.0-20250317173921-a4b03ec1a45e/go.mod h1:boTsfXsheKC2y+lKOCMpSfarhxDeIzfZG1jqGcPl3cA=
github.com/google/uuid v1.6.0 h1:NIvaJDMOsjHA8n1jAhLSgzrAzy1Hgr+hNrb57e+94F0=
github.com/google/uuid v1.6.0/go.mod h1:TIyPZe4MgqvfeYDBFedMoGGpEw/LqOeaOT+nhxU+yHo=
github.com/hashicorp/golang-lru/v2 v2.0.7 h1:a+bsQ5rvGLjzHuww6tVxozPZFVghXaHOwFs4luLUK2k=
github.com/hashicorp/golang-lru/v2 v2.0.7/go.mod h1:QeFd9opnmA6QUJc5vARoKUSoFhyfM2/ZepoAG6RGpeM=
github.com/jmoiron/sqlx v1.4.0 h1:1PLqN7S1UYp5t4SrVVnt4nUVNemrDAtxlulVe+Qgm3o=
github.com/jmoiron/sqlx v1.4.0/go.mod h1:ZrZ7UsYB/weZdl2Bxg6jCRO9c3YHl8r3ahlKmRT4JLY=
github.com/klauspost/asmfmt v1.3.2 h1:4Ri7ox3EwapiOjCki+hw14RyKk201CN4rzyCJRFLpK4=
github.com/klauspost/asmfmt v1.3.2/go.mod h1:AG8TuvYojzulgDAMCnYn50l/5QV3Bs/tp6j0HLHbNSE=
github.com/klauspost/compress v1.18.3 h1:9PJRvfbmTabkOX8moIpXPbMMbYN60bWImDDU7L+/6zw=
github.com/klauspost/compress v1.18.3/go.mod h1:R0h/fSBs8DE4ENlcrlib3PsXS61voFxhIs2DeRhCvJ4=
github.com/klauspost/cpuid/v2 v2.0.1/go.mod h1:FInQzS24/EEf25PyTYn52gqo7WaD8xa0213Md/qVLRg=
github.com/klauspost/cpuid/v2 v2.3.0 h1:S4CRMLnYUhGeDFDqkGriYKdfoFlDnMtqTiI/sFzhA9Y=
github.com/klauspost/cpuid/v2 v2.3.0/go.mod h1:hqwkgyIinND0mEev00jJYCxPNVRVXFQeu1XKlok6oO0=
github.com/klauspost/crc32 v1.3.0 h1:sSmTt3gUt81RP655XGZPElI0PelVTZ6YwCRnPSupoFM=
github.com/klauspost/crc32 v1.3.0/go.mod h1:D7kQaZhnkX/Y0tstFGf8VUzv2UofNGqCjnC3zdHB0Hw=
github.com/kr/pretty v0.3.1 h1:flRD4NNwYAUpkphVc1HcthR4KEIFJ65n8Mw5qdRn3LE=
github.com/kr/pretty v0.3.1/go.mod h1:hoEshYVHaxMs3cyo3Yncou5ZscifuDolrwPKZanG3xk=
github.com/kr/text v0.2.0 h1:5Nx0Ya0ZqY2ygV366QzturHI13Jq95ApcVaJBhpS+AY=
github.com/kr/text v0.2.0/go.mod h1:eLer722TekiGuMkidMxC/pM04lWEeraHUUmBw8l2grE=
github.com/kylelemons/godebug v1.1.0 h1:RPNrshWIDI6G2gRW9EHilWtl7Z6Sb1BR0xunSBf0SNc=
github.com/kylelemons/godebug v1.1.0/go.mod h1:9/0rRGxNHcop5bhtWyNeEfOS8JIWk580+fNqagV/RAw=
github.com/labstack/echo-contrib v0.50.1 h1:W9cZZ9viA4TDdFtm8cuA+XGFwOcnfbjJpl7VgfsRLHE=
github.com/labstack/echo-contrib v0.50.1/go.mod h1:8r/++U/Fw/QniApFnzunLanKaviPfBX7fX7/2QX0qOk=
github.com/labstack/echo-jwt/v4 v4.4.0 h1:nrXaEnJupfc2R4XChcLRDyghhMZup77F8nIzHnBK19U=
github.com/labstack/echo-jwt/v4 v4.4.0/go.mod h1:kYXWgWms9iFqI3ldR+HAEj/Zfg5rZtR7ePOgktG4Hjg=
github.com/labstack/echo/v4 v4.15.1 h1:S9keusg26gZpjMmPqB5hOEvNKnmd1lNmcHrbbH2lnFs=
github.com/labstack/echo/v4 v4.15.1/go.mod h1:xmw1clThob0BSVRX1CRQkGQ/vjwcpOMjQZSZa9fKA/c=
github.com/labstack/gommon v0.4.2 h1:F8qTUNXgG1+6WQmqoUWnz8WiEU60mXVVw0P4ht1WRA0=
github.com/labstack/gommon v0.4.2/go.mod h1:QlUFxVM+SNXhDL/Z7YhocGIBYOiwB0mXm1+1bAPHPyU=
github.com/ledongthuc/pdf v0.0.0-20220302134840-0c2507a12d80 h1:6Yzfa6GP0rIo/kULo2bwGEkFvCePZ3qHDDTC3/J9Swo=
github.com/ledongthuc/pdf v0.0.0-20220302134840-0c2507a12d80/go.mod h1:imJHygn/1yfhB7XSJJKlFZKl/J+dCPAknuiaGOshXAs=
github.com/lib/pq v1.10.9 h1:YXG7RB+JIjhP29X+OtkiDnYaXQwpS4JEWq7dtCCRUEw=
github.com/lib/pq v1.10.9/go.mod h1:AlVN5x4E4T544tWzH6hKfbfQvm3HdbOxrmggDNAPY9o=
github.com/lufia/plan9stats v0.0.0-20211012122336-39d0f177ccd0 h1:6E+4a0GO5zZEnZ81pIr0yLvtUWk2if982qA3F3QD6H4=
github.com/lufia/plan9stats v0.0.0-20211012122336-39d0f177ccd0/go.mod h1:zJYVVT2jmtg6P3p1VtQj7WsuWi/y4VnjVBn7F8KPB3I=
github.com/mattn/go-colorable v0.1.14 h1:9A9LHSqF/7dyVVX6g0U9cwm9pG3kP9gSzcuIPHPsaIE=
github.com/mattn/go-colorable v0.1.14/go.mod h1:6LmQG8QLFO4G5z1gPvYEzlUgJ2wF+stgPZH1UqBm1s8=
github.com/mattn/go-isatty v0.0.20 h1:xfD0iDuEKnDkl03q4limB+vH+GxLEtL/jb4xVJSWWEY=
github.com/mattn/go-isatty v0.0.20/go.mod h1:W+V8PltTTMOvKvAeJH7IuucS94S2C6jfK/D7dTCTo3Y=
github.com/mattn/go-sqlite3 v1.14.22/go.mod h1:Uh1q+B4BYcTPb+yiD3kU8Ct7aC0hY9fxUwlHK0RXw+Y=
github.com/mattn/go-sqlite3 v1.14.32 h1:JD12Ag3oLy1zQA+BNn74xRgaBbdhbNIDYvQUEuuErjs=
github.com/mattn/go-sqlite3 v1.14.32/go.mod h1:Uh1q+B4BYcTPb+yiD3kU8Ct7aC0hY9fxUwlHK0RXw+Y=
github.com/minio/asm2plan9s v0.0.0-20200509001527-cdd76441f9d8 h1:AMFGa4R4MiIpspGNG7Z948v4n35fFGB3RR3G/ry4FWs=
github.com/minio/asm2plan9s v0.0.0-20200509001527-cdd76441f9d8/go.mod h1:mC1jAcsrzbxHt8iiaC+zU4b1ylILSosueou12R++wfY=
github.com/minio/c2goasm v0.0.0-20190812172519-36a3d3bbc4f3 h1:+n/aFZefKZp7spd8DFdX7uMikMLXX4oubIzJF4kv/wI=
github.com/minio/c2goasm v0.0.0-20190812172519-36a3d3bbc4f3/go.mod h1:RagcQ7I8IeTMnF8JTXieKnO4Z6JCsikNEzj0DwauVzE=
github.com/minio/crc64nvme v1.1.1 h1:8dwx/Pz49suywbO+auHCBpCtlW1OfpcLN7wYgVR6wAI=
github.com/minio/crc64nvme v1.1.1/go.mod h1:eVfm2fAzLlxMdUGc0EEBGSMmPwmXD5XiNRpnu9J3bvg=
github.com/minio/highwayhash v1.0.4-0.20251030100505-070ab1a87a76 h1:KGuD/pM2JpL9FAYvBrnBBeENKZNh6eNtjqytV6TYjnk=
github.com/minio/highwayhash v1.0.4-0.20251030100505-070ab1a87a76/go.mod h1:GGYsuwP/fPD6Y9hMiXuapVvlIUEhFhMTh0rxU3ik1LQ=
github.com/minio/md5-simd v1.1.2 h1:Gdi1DZK69+ZVMoNHRXJyNcxrMA4dSxoYHZSQbirFg34=
github.com/minio/md5-simd v1.1.2/go.mod h1:MzdKDxYpY2BT9XQFocsiZf/NKVtR7nkE4RoEpN+20RM=
github.com/minio/minio-go/v7 v7.0.98 h1:MeAVKjLVz+XJ28zFcuYyImNSAh8Mq725uNW4beRisi0=
github.com/minio/minio-go/v7 v7.0.98/go.mod h1:cY0Y+W7yozf0mdIclrttzo1Iiu7mEf9y7nk2uXqMOvM=
github.com/munnerz/goautoneg v0.0.0-20191010083416-a7dc8b61c822 h1:C3w9PqII01/Oq1c1nUAm88MOHcQC9l5mIlSMApZMrHA=
github.com/munnerz/goautoneg v0.0.0-20191010083416-a7dc8b61c822/go.mod h1:+n7T8mK8HuQTcFwEeznm/DIxMOiR9yIdICNftLE1DvQ=
github.com/nats-io/jwt/v2 v2.8.0 h1:K7uzyz50+yGZDO5o772eRE7atlcSEENpL7P+b74JV1g=
github.com/nats-io/jwt/v2 v2.8.0/go.mod h1:me11pOkwObtcBNR8AiMrUbtVOUGkqYjMQZ6jnSdVUIA=
github.com/nats-io/nats-server/v2 v2.12.4 h1:ZnT10v2LU2Xcoiy8ek9X6Se4YG8EuMfIfvAEuFVx1Ts=
github.com/nats-io/nats-server/v2 v2.12.4/go.mod h1:5MCp/pqm5SEfsvVZ31ll1088ZTwEUdvRX1Hmh/mTTDg=
github.com/nats-io/nats.go v1.49.0 h1:yh/WvY59gXqYpgl33ZI+XoVPKyut/IcEaqtsiuTJpoE=
github.com/nats-io/nats.go v1.49.0/go.mod h1:fDCn3mN5cY8HooHwE2ukiLb4p4G4ImmzvXyJt+tGwdw=
github.com/nats-io/nkeys v0.4.12 h1:nssm7JKOG9/x4J8II47VWCL1Ds29avyiQDRn0ckMvDc=
github.com/nats-io/nkeys v0.4.12/go.mod h1:MT59A1HYcjIcyQDJStTfaOY6vhy9XTUjOFo+SVsvpBg=
github.com/nats-io/nuid v1.0.1 h1:5iA8DT8V7q8WK2EScv2padNa/rTESc1KdnPw4TC2paw=
github.com/nats-io/nuid v1.0.1/go.mod h1:19wcPz3Ph3q0Jbyiqsd0kePYG7A95tJPxeL+1OSON2c=
github.com/ncruces/go-strftime v1.0.0 h1:HMFp8mLCTPp341M/ZnA4qaf7ZlsbTc+miZjCLOFAw7w=
github.com/ncruces/go-strftime v1.0.0/go.mod h1:Fwc5htZGVVkseilnfgOVb9mKy6w1naJmn9CehxcKcls=
github.com/nrednav/cuid2 v1.1.0 h1:Y2P9Fo1Iz7lKuwcn+fS0mbxkNvEqoNLUtm0+moHCnYc=
github.com/nrednav/cuid2 v1.1.0/go.mod h1:jBjkJAI+QLM4EUGvtwGDHC1cP1QQrRNfLo/A7qJFDhA=
github.com/orisano/pixelmatch v0.0.0-20220722002657-fb0b55479cde h1:x0TT0RDC7UhAVbbWWBzr41ElhJx5tXPWkIHA2HWPRuw=
github.com/orisano/pixelmatch v0.0.0-20220722002657-fb0b55479cde/go.mod h1:nZgzbfBr3hhjoZnS66nKrHmduYNpc34ny7RK4z5/HM0=
github.com/pelletier/go-toml/v2 v2.0.9 h1:uH2qQXheeefCCkuBBSLi7jCiSmj3VRh2+Goq2N7Xxu0=
github.com/pelletier/go-toml/v2 v2.0.9/go.mod h1:tJU2Z3ZkXwnxa4DPO899bsyIoywizdUvyaeZurnPPDc=
github.com/peterbourgon/ff/v4 v4.0.0-beta.1 h1:hV8qRu3V7YfiSMsBSfPfdcznAvPQd3jI5zDddSrDoUc=
github.com/peterbourgon/ff/v4 v4.0.0-beta.1/go.mod h1:onQJUKipvCyFmZ1rIYwFAh1BhPOvftb1uhvSI7krNLc=
github.com/philhofer/fwd v1.2.0 h1:e6DnBTl7vGY+Gz322/ASL4Gyp1FspeMvx1RNDoToZuM=
github.com/philhofer/fwd v1.2.0/go.mod h1:RqIHx9QI14HlwKwm98g9Re5prTQ6LdeRQn+gXJFxsJM=
github.com/pierrec/lz4/v4 v4.1.25 h1:kocOqRffaIbU5djlIBr7Wh+cx82C0vtFb0fOurZHqD0=
github.com/pierrec/lz4/v4 v4.1.25/go.mod h1:EoQMVJgeeEOMsCqCzqFm2O0cJvljX2nGZjcRIPL34O4=
github.com/pmezard/go-difflib v1.0.1-0.20181226105442-5d4384ee4fb2 h1:Jamvg5psRIccs7FGNTlIRMkT8wgtp5eCXdBlqhYGL6U=
github.com/pmezard/go-difflib v1.0.1-0.20181226105442-5d4384ee4fb2/go.mod h1:iKH77koFhYxTK1pcRnkKkqfTogsbg7gZNVY4sRDYZ/4=
github.com/power-devops/perfstat v0.0.0-20240221224432-82ca36839d55 h1:o4JXh1EVt9k/+g42oCprj/FisM4qX9L3sZB3upGN2ZU=
github.com/power-devops/perfstat v0.0.0-20240221224432-82ca36839d55/go.mod h1:OmDBASR4679mdNQnz2pUhc2G8CO2JrUAVFDRBDP/hJE=
github.com/prometheus/client_golang v1.23.2 h1:Je96obch5RDVy3FDMndoUsjAhG5Edi49h0RJWRi/o0o=
github.com/prometheus/client_golang v1.23.2/go.mod h1:Tb1a6LWHB3/SPIzCoaDXI4I8UHKeFTEQ1YCr+0Gyqmg=
github.com/prometheus/client_model v0.6.2 h1:oBsgwpGs7iVziMvrGhE53c/GrLUsZdHnqNwqPLxwZyk=
github.com/prometheus/client_model v0.6.2/go.mod h1:y3m2F6Gdpfy6Ut/GBsUqTWZqCUvMVzSfMLjcu6wAwpE=
github.com/prometheus/common v0.67.5 h1:pIgK94WWlQt1WLwAC5j2ynLaBRDiinoAb86HZHTUGI4=
github.com/prometheus/common v0.67.5/go.mod h1:SjE/0MzDEEAyrdr5Gqc6G+sXI67maCxzaT3A2+HqjUw=
github.com/prometheus/procfs v0.19.2 h1:zUMhqEW66Ex7OXIiDkll3tl9a1ZdilUOd/F6ZXw4Vws=
github.com/prometheus/procfs v0.19.2/go.mod h1:M0aotyiemPhBCM0z5w87kL22CxfcH05ZpYlu+b4J7mw=
github.com/remyoudompheng/bigfft v0.0.0-20230129092748-24d4a6f8daec h1:W09IVJc94icq4NjY3clb7Lk8O1qJ8BdBEF8z0ibU0rE=
github.com/remyoudompheng/bigfft v0.0.0-20230129092748-24d4a6f8daec/go.mod h1:qqbHyh8v60DhA7CoWK5oRCqLrMHRGoxYCSS9EjAz6Eo=
github.com/richardlehane/mscfb v1.0.4 h1:WULscsljNPConisD5hR0+OyZjwK46Pfyr6mPu5ZawpM=
github.com/richardlehane/mscfb v1.0.4/go.mod h1:YzVpcZg9czvAuhk9T+a3avCpcFPMUWm7gK3DypaEsUk=
github.com/richardlehane/msoleps v1.0.1/go.mod h1:BWev5JBpU9Ko2WAgmZEuiz4/u3ZYTKbjLycmwiWUfWg=
github.com/richardlehane/msoleps v1.0.4 h1:WuESlvhX3gH2IHcd8UqyCuFY5yiq/GR/yqaSM/9/g00=
github.com/richardlehane/msoleps v1.0.4/go.mod h1:BWev5JBpU9Ko2WAgmZEuiz4/u3ZYTKbjLycmwiWUfWg=
github.com/rogpeppe/go-internal v1.10.0 h1:TMyTOH3F/DB16zRVcYyreMH6GnZZrwQVAoYjRBZyWFQ=
github.com/rogpeppe/go-internal v1.10.0/go.mod h1:UQnix2H7Ngw/k4C5ijL5+65zddjncjaFoBhdsK/akog=
github.com/rs/xid v1.6.0 h1:fV591PaemRlL6JfRxGDEPl69wICngIQ3shQtzfy2gxU=
github.com/rs/xid v1.6.0/go.mod h1:7XoLgs4eV+QndskICGsho+ADou8ySMSjJKDIan90Nz0=
github.com/samber/lo v1.52.0 h1:Rvi+3BFHES3A8meP33VPAxiBZX/Aws5RxrschYGjomw=
github.com/samber/lo v1.52.0/go.mod h1:4+MXEGsJzbKGaUEQFKBq2xtfuznW9oz/WrgyzMzRoM0=
github.com/samber/slog-echo v1.21.0 h1:7qyzNeYTpbCbBrlF7C3XY1gsG5LHdrDVd0Ci9mSWRl0=
github.com/samber/slog-echo v1.21.0/go.mod h1:caG3zeXgrPRlGKaPVqyWG1MEc6nwrmtDjoLN/mc0PrM=
github.com/shirou/gopsutil/v4 v4.26.1 h1:TOkEyriIXk2HX9d4isZJtbjXbEjf5qyKPAzbzY0JWSo=
github.com/shirou/gopsutil/v4 v4.26.1/go.mod h1:medLI9/UNAb0dOI9Q3/7yWSqKkj00u+1tgY8nvv41pc=
github.com/stretchr/testify v1.11.1 h1:7s2iGBzp5EwR7/aIZr8ao5+dra3wiQyKjjFuvgVKu7U=
github.com/stretchr/testify v1.11.1/go.mod h1:wZwfW3scLgRK+23gO65QZefKpKQRnfz6sD981Nm4B6U=
github.com/syncthing/notify v0.0.0-20250528144937-c7027d4f7465 h1:yhxdTGmFkAM2TFA65c3NgGwpnIkUM8oVqPX2e9S7IVg=
github.com/syncthing/notify v0.0.0-20250528144937-c7027d4f7465/go.mod h1:J0q59IWjLtpRIJulohwqEZvjzwOfTEPp8SVhDJl+y0Y=
github.com/tiendc/go-deepcopy v1.7.1 h1:LnubftI6nYaaMOcaz0LphzwraqN8jiWTwm416sitff4=
github.com/tiendc/go-deepcopy v1.7.1/go.mod h1:4bKjNC2r7boYOkD2IOuZpYjmlDdzjbpTRyCx+goBCJQ=
github.com/tinylib/msgp v1.6.1 h1:ESRv8eL3u+DNHUoSAAQRE50Hm162zqAnBoGv9PzScPY=
github.com/tinylib/msgp v1.6.1/go.mod h1:RSp0LW9oSxFut3KzESt5Voq4GVWyS+PSulT77roAqEA=
github.com/tklauser/go-sysconf v0.3.16 h1:frioLaCQSsF5Cy1jgRBrzr6t502KIIwQ0MArYICU0nA=
github.com/tklauser/go-sysconf v0.3.16/go.mod h1:/qNL9xxDhc7tx3HSRsLWNnuzbVfh3e7gh/BmM179nYI=
github.com/tklauser/numcpus v0.11.0 h1:nSTwhKH5e1dMNsCdVBukSZrURJRoHbSEQjdEbY+9RXw=
github.com/tklauser/numcpus v0.11.0/go.mod h1:z+LwcLq54uWZTX0u/bGobaV34u6V7KNlTZejzM6/3MQ=
github.com/valyala/bytebufferpool v1.0.0 h1:GqA5TC/0021Y/b9FG4Oi9Mr3q7XYx6KllzawFIhcdPw=
github.com/valyala/bytebufferpool v1.0.0/go.mod h1:6bBcMArwyJ5K/AmCkWv1jt77kVWyCJ6HpOuEn7z0Csc=
github.com/valyala/fasttemplate v1.2.2 h1:lxLXG0uE3Qnshl9QyaK6XJxMXlQZELvChBOCmQD0Loo=
github.com/valyala/fasttemplate v1.2.2/go.mod h1:KHLXt3tVN2HBp8eijSv/kGJopbvo7S+qRAEEKiv+SiQ=
github.com/xuri/efp v0.0.1 h1:fws5Rv3myXyYni8uwj2qKjVaRP30PdjeYe2Y6FDsCL8=
github.com/xuri/efp v0.0.1/go.mod h1:ybY/Jr0T0GTCnYjKqmdwxyxn2BQf2RcQIIvex5QldPI=
github.com/xuri/excelize/v2 v2.10.0 h1:8aKsP7JD39iKLc6dH5Tw3dgV3sPRh8uRVXu/fMstfW4=
github.com/xuri/excelize/v2 v2.10.0/go.mod h1:SC5TzhQkaOsTWpANfm+7bJCldzcnU/jrhqkTi/iBHBU=
github.com/xuri/nfp v0.0.2-0.20250530014748-2ddeb826f9a9 h1:+C0TIdyyYmzadGaL/HBLbf3WdLgC29pgyhTjAT/0nuE=
github.com/xuri/nfp v0.0.2-0.20250530014748-2ddeb826f9a9/go.mod h1:WwHg+CVyzlv/TX9xqBFXEZAuxOPxn2k1GNHwG41IIUQ=
github.com/yusufpapurcu/wmi v1.2.4 h1:zFUKzehAFReQwLys1b/iSMl+JQGSCSjtVqQn9bBrPo0=
github.com/yusufpapurcu/wmi v1.2.4/go.mod h1:SBZ9tNy3G9/m5Oi98Zks0QjeHVDvuK0qfxQmPyzfmi0=
github.com/zeebo/assert v1.3.0 h1:g7C04CbJuIDKNPFHmsk4hwZDO5O+kntRxzaUoNXj+IQ=
github.com/zeebo/assert v1.3.0/go.mod h1:Pq9JiuJQpG8JLJdtkwrJESF0Foym2/D9XMU5ciN/wJ0=
github.com/zeebo/xxh3 v1.1.0 h1:s7DLGDK45Dyfg7++yxI0khrfwq9661w9EN78eP/UZVs=
github.com/zeebo/xxh3 v1.1.0/go.mod h1:IisAie1LELR4xhVinxWS5+zf1lA4p0MW4T+w+W07F5s=
go.opentelemetry.io/otel v1.37.0 h1:9zhNfelUvx0KBfu/gb+ZgeAfAgtWrfHJZcAqFC228wQ=
go.opentelemetry.io/otel v1.37.0/go.mod h1:ehE/umFRLnuLa/vSccNq9oS1ErUlkkK71gMcN34UG8I=
go.opentelemetry.io/otel/trace v1.37.0 h1:HLdcFNbRQBE2imdSEgm/kwqmQj1Or1l/7bW6mxVK7z4=
go.opentelemetry.io/otel/trace v1.37.0/go.mod h1:TlgrlQ+PtQO5XFerSPUYG0JSgGyryXewPGyayAWSBS0=
go.uber.org/goleak v1.3.0 h1:2K3zAYmnTNqV73imy9J1T3WC+gmCePx2hEGkimedGto=
go.uber.org/goleak v1.3.0/go.mod h1:CoHD4mav9JJNrW/WLlf7HGZPjdw8EucARQHekz1X6bE=
go.yaml.in/yaml/v2 v2.4.3 h1:6gvOSjQoTB3vt1l+CU+tSyi/HOjfOjRLJ4YwYZGwRO0=
go.yaml.in/yaml/v2 v2.4.3/go.mod h1:zSxWcmIDjOzPXpjlTTbAsKokqkDNAVtZO0WOMiT90s8=
go.yaml.in/yaml/v3 v3.0.4 h1:tfq32ie2Jv2UxXFdLJdh3jXuOzWiL1fo0bu/FbuKpbc=
go.yaml.in/yaml/v3 v3.0.4/go.mod h1:DhzuOOF2ATzADvBadXxruRBLzYTpT36CKvDb3+aBEFg=
golang.org/x/crypto v0.48.0 h1:/VRzVqiRSggnhY7gNRxPauEQ5Drw9haKdM0jqfcCFts=
golang.org/x/crypto v0.48.0/go.mod h1:r0kV5h3qnFPlQnBSrULhlsRfryS2pmewsg+XfMgkVos=
golang.org/x/exp v0.0.0-20260112195511-716be5621a96 h1:Z/6YuSHTLOHfNFdb8zVZomZr7cqNgTJvA8+Qz75D8gU=
golang.org/x/exp v0.0.0-20260112195511-716be5621a96/go.mod h1:nzimsREAkjBCIEFtHiYkrJyT+2uy9YZJB7H1k68CXZU=
golang.org/x/image v0.25.0 h1:Y6uW6rH1y5y/LK1J8BPWZtr6yZ7hrsy6hFrXjgsc2fQ=
golang.org/x/image v0.25.0/go.mod h1:tCAmOEGthTtkalusGp1g3xa2gke8J6c2N565dTyl9Rs=
golang.org/x/mod v0.32.0 h1:9F4d3PHLljb6x//jOyokMv3eX+YDeepZSEo3mFJy93c=
golang.org/x/mod v0.32.0/go.mod h1:SgipZ/3h2Ci89DlEtEXWUk/HteuRin+HHhN+WbNhguU=
golang.org/x/net v0.49.0 h1:eeHFmOGUTtaaPSGNmjBKpbng9MulQsJURQUAfUwY++o=
golang.org/x/net v0.49.0/go.mod h1:/ysNB2EvaqvesRkuLAyjI1ycPZlQHM3q01F02UY/MV8=
golang.org/x/sync v0.19.0 h1:vV+1eWNmZ5geRlYjzm2adRgW2/mcpevXNg50YZtPCE4=
golang.org/x/sync v0.19.0/go.mod h1:9KTHXmSnoGruLpwFjVSX0lNNA75CykiMECbovNTZqGI=
golang.org/x/sys v0.0.0-20180926160741-c2ed4eda69e7/go.mod h1:STP8DvDyc/dI5b8T5hshtkjS+E42TnysNCUPdjciGhY=
golang.org/x/sys v0.0.0-20190916202348-b4ddaad3f8a3/go.mod h1:h1NjWce9XRLGQEsW7wpKNCjG9DtNlClVuFLEZdDNbEs=
golang.org/x/sys v0.0.0-20201204225414-ed752295db88/go.mod h1:h1NjWce9XRLGQEsW7wpKNCjG9DtNlClVuFLEZdDNbEs=
golang.org/x/sys v0.6.0/go.mod h1:oPkhp1MJrh7nUepCBck5+mAzfO9JrbApNNgaTdGDITg=
golang.org/x/sys v0.21.0/go.mod h1:/VUhepiaJMQUp4+oa/7Zr1D23ma6VTLIYjOOTFZPUcA=
golang.org/x/sys v0.41.0 h1:Ivj+2Cp/ylzLiEU89QhWblYnOE9zerudt9Ftecq2C6k=
golang.org/x/sys v0.41.0/go.mod h1:OgkHotnGiDImocRcuBABYBEXf8A9a87e/uXjp9XT3ks=
golang.org/x/telemetry v0.0.0-20260116145544-c6413dc483f5 h1:i0p03B68+xC1kD2QUO8JzDTPXCzhN56OLJ+IhHY8U3A=
golang.org/x/telemetry v0.0.0-20260116145544-c6413dc483f5/go.mod h1:b7fPSJ0pKZ3ccUh8gnTONJxhn3c/PS6tyzQvyqw4iA8=
golang.org/x/text v0.34.0 h1:oL/Qq0Kdaqxa1KbNeMKwQq0reLCCaFtqu2eNuSeNHbk=
golang.org/x/text v0.34.0/go.mod h1:homfLqTYRFyVYemLBFl5GgL/DWEiH5wcsQ5gSh1yziA=
golang.org/x/time v0.14.0 h1:MRx4UaLrDotUKUdCIqzPC48t1Y9hANFKIRpNx+Te8PI=
golang.org/x/time v0.14.0/go.mod h1:eL/Oa2bBBK0TkX57Fyni+NgnyQQN4LitPmob2Hjnqw4=
golang.org/x/tools v0.41.0 h1:a9b8iMweWG+S0OBnlU36rzLp20z1Rp10w+IY2czHTQc=
golang.org/x/tools v0.41.0/go.mod h1:XSY6eDqxVNiYgezAVqqCeihT4j1U2CCsqvH3WhQpnlg=
golang.org/x/xerrors v0.0.0-20191204190536-9bdfabe68543/go.mod h1:I/5z698sn9Ka8TeJc9MKroUUfqBBauWjQqLJ2OPfmY0=
golang.org/x/xerrors v0.0.0-20240903120638-7835f813f4da h1:noIWHXmPHxILtqtCOPIhSt0ABwskkZKjD3bXGnZGpNY=
golang.org/x/xerrors v0.0.0-20240903120638-7835f813f4da/go.mod h1:NDW/Ps6MPRej6fsCIbMTohpP40sJ/P/vI1MoTEGwX90=
gonum.org/v1/gonum v0.16.0 h1:5+ul4Swaf3ESvrOnidPp4GZbzf0mxVQpDCYUQE7OJfk=
gonum.org/v1/gonum v0.16.0/go.mod h1:fef3am4MQ93R2HHpKnLk4/Tbh/s0+wqD5nfa6Pnwy4E=
google.golang.org/protobuf v1.36.11 h1:fV6ZwhNocDyBLK0dj+fg8ektcVegBBuEolpbTQyBNVE=
google.golang.org/protobuf v1.36.11/go.mod h1:HTf+CrKn2C3g5S8VImy6tdcUvCska2kB7j23XfzDpco=
gopkg.in/check.v1 v0.0.0-20161208181325-20d25e280405/go.mod h1:Co6ibVJAznAaIkqp8huTwlJQCZ016jof/cbN4VW5Yz0=
gopkg.in/check.v1 v1.0.0-20201130134442-10cb98267c6c h1:Hei/4ADfdWqJk1ZMxUNpqntNwaWcugrBjAiHlqqRiVk=
gopkg.in/check.v1 v1.0.0-20201130134442-10cb98267c6c/go.mod h1:JHkPIbrfpd72SG/EVd6muEfDQjcINNoR0C8j2r3qZ4Q=
gopkg.in/yaml.v2 v2.4.0 h1:D8xgwECY7CYvx+Y2n4sBz93Jn9JRvxdiyyo8CTfuKaY=
gopkg.in/yaml.v2 v2.4.0/go.mod h1:RDklbk79AGWmwhnvt/jBztapEOGDOx6ZbXqjP6csGnQ=
gopkg.in/yaml.v3 v3.0.1 h1:fxVm/GzAzEWqLHuvctI91KS9hhNmmWOoWu0XTYJS7CA=
gopkg.in/yaml.v3 v3.0.1/go.mod h1:K4uyk7z7BCEPqu6E+C64Yfv1cQ7kz7rIZviUmN+EgEM=
modernc.org/cc/v4 v4.27.1 h1:9W30zRlYrefrDV2JE2O8VDtJ1yPGownxciz5rrbQZis=
modernc.org/cc/v4 v4.27.1/go.mod h1:uVtb5OGqUKpoLWhqwNQo/8LwvoiEBLvZXIQ/SmO6mL0=
modernc.org/ccgo/v4 v4.30.1 h1:4r4U1J6Fhj98NKfSjnPUN7Ze2c6MnAdL0hWw6+LrJpc=
modernc.org/ccgo/v4 v4.30.1/go.mod h1:bIOeI1JL54Utlxn+LwrFyjCx2n2RDiYEaJVSrgdrRfM=
modernc.org/fileutil v1.3.40 h1:ZGMswMNc9JOCrcrakF1HrvmergNLAmxOPjizirpfqBA=
modernc.org/fileutil v1.3.40/go.mod h1:HxmghZSZVAz/LXcMNwZPA/DRrQZEVP9VX0V4LQGQFOc=
modernc.org/gc/v2 v2.6.5 h1:nyqdV8q46KvTpZlsw66kWqwXRHdjIlJOhG6kxiV/9xI=
modernc.org/gc/v2 v2.6.5/go.mod h1:YgIahr1ypgfe7chRuJi2gD7DBQiKSLMPgBQe9oIiito=
modernc.org/gc/v3 v3.1.1 h1:k8T3gkXWY9sEiytKhcgyiZ2L0DTyCQ/nvX+LoCljoRE=
modernc.org/gc/v3 v3.1.1/go.mod h1:HFK/6AGESC7Ex+EZJhJ2Gni6cTaYpSMmU/cT9RmlfYY=
modernc.org/goabi0 v0.2.0 h1:HvEowk7LxcPd0eq6mVOAEMai46V+i7Jrj13t4AzuNks=
modernc.org/goabi0 v0.2.0/go.mod h1:CEFRnnJhKvWT1c1JTI3Avm+tgOWbkOu5oPA8eH8LnMI=
modernc.org/libc v1.67.6 h1:eVOQvpModVLKOdT+LvBPjdQqfrZq+pC39BygcT+E7OI=
modernc.org/libc v1.67.6/go.mod h1:JAhxUVlolfYDErnwiqaLvUqc8nfb2r6S6slAgZOnaiE=
modernc.org/mathutil v1.7.1 h1:GCZVGXdaN8gTqB1Mf/usp1Y/hSqgI2vAGGP4jZMCxOU=
modernc.org/mathutil v1.7.1/go.mod h1:4p5IwJITfppl0G4sUEDtCr4DthTaT47/N3aT6MhfgJg=
modernc.org/memory v1.11.0 h1:o4QC8aMQzmcwCK3t3Ux/ZHmwFPzE6hf2Y5LbkRs+hbI=
modernc.org/memory v1.11.0/go.mod h1:/JP4VbVC+K5sU2wZi9bHoq2MAkCnrt2r98UGeSK7Mjw=
modernc.org/opt v0.1.4 h1:2kNGMRiUjrp4LcaPuLY2PzUfqM/w9N23quVwhKt5Qm8=
modernc.org/opt v0.1.4/go.mod h1:03fq9lsNfvkYSfxrfUhZCWPk1lm4cq4N+Bh//bEtgns=
modernc.org/sortutil v1.2.1 h1:+xyoGf15mM3NMlPDnFqrteY07klSFxLElE2PVuWIJ7w=
modernc.org/sortutil v1.2.1/go.mod h1:7ZI3a3REbai7gzCLcotuw9AC4VZVpYMjDzETGsSMqJE=
modernc.org/sqlite v1.46.1 h1:eFJ2ShBLIEnUWlLy12raN0Z1plqmFX9Qe3rjQTKt6sU=
modernc.org/sqlite v1.46.1/go.mod h1:CzbrU2lSB1DKUusvwGz7rqEKIq+NUd8GWuBBZDs9/nA=
modernc.org/strutil v1.2.1 h1:UneZBkQA+DX2Rp35KcM69cSsNES9ly8mQWD71HKlOA0=
modernc.org/strutil v1.2.1/go.mod h1:EHkiggD70koQxjVdSBM3JKM7k6L0FbGE5eymy9i3B9A=
modernc.org/token v1.1.0 h1:Xl7Ap9dKaEs5kLoOQeQmPWevfnk/DM5qcLcYlA8ys6Y=
modernc.org/token v1.1.0/go.mod h1:UGzOrNV1mAFSEB63lOFHIpNRUVMvYTc6yu1SMY/XTDM=
